// !$*UTF8*$!
{
	archiveVersion = 1;
	classes = {
	};
	objectVersion = 56;
	objects = {

/* Begin PBXBuildFile section */
		0D683A422BAF82DC00711C37 /* InsertItemViewController.swift in Sources */ = {isa = PBXBuildFile; fileRef = 0D683A412BAF82DC00711C37 /* InsertItemViewController.swift */; };
		0D683A442BAF96A100711C37 /* ItemListViewController.swift in Sources */ = {isa = PBXBuildFile; fileRef = 0D683A432BAF96A000711C37 /* ItemListViewController.swift */; };
		0D683A482BAFA14700711C37 /* OptimalStoresViewController.swift in Sources */ = {isa = PBXBuildFile; fileRef = 0D683A472BAFA14700711C37 /* OptimalStoresViewController.swift */; };
		0D683A502BB0796200711C37 /* RecipeViewController.swift in Sources */ = {isa = PBXBuildFile; fileRef = 0D683A4F2BB0796200711C37 /* RecipeViewController.swift */; };
		0DB3F1CD2BAF4E400014E154 /* AppDelegate.swift in Sources */ = {isa = PBXBuildFile; fileRef = 0DB3F1CC2BAF4E400014E154 /* AppDelegate.swift */; };
		0DB3F1CF2BAF4E400014E154 /* SceneDelegate.swift in Sources */ = {isa = PBXBuildFile; fileRef = 0DB3F1CE2BAF4E400014E154 /* SceneDelegate.swift */; };
		0DB3F1D12BAF4E400014E154 /* ViewController.swift in Sources */ = {isa = PBXBuildFile; fileRef = 0DB3F1D02BAF4E400014E154 /* ViewController.swift */; };
		0DB3F1D42BAF4E400014E154 /* Main.storyboard in Resources */ = {isa = PBXBuildFile; fileRef = 0DB3F1D22BAF4E400014E154 /* Main.storyboard */; };
		0DB3F1D62BAF4E440014E154 /* Assets.xcassets in Resources */ = {isa = PBXBuildFile; fileRef = 0DB3F1D52BAF4E440014E154 /* Assets.xcassets */; };
		0DB3F1D92BAF4E440014E154 /* LaunchScreen.storyboard in Resources */ = {isa = PBXBuildFile; fileRef = 0DB3F1D72BAF4E440014E154 /* LaunchScreen.storyboard */; };
		0DB3F1E42BAF4E450014E154 /* HackathonProjectTests.swift in Sources */ = {isa = PBXBuildFile; fileRef = 0DB3F1E32BAF4E450014E154 /* HackathonProjectTests.swift */; };
		0DB3F1EE2BAF4E450014E154 /* HackathonProjectUITests.swift in Sources */ = {isa = PBXBuildFile; fileRef = 0DB3F1ED2BAF4E450014E154 /* HackathonProjectUITests.swift */; };
		0DB3F1F02BAF4E450014E154 /* HackathonProjectUITestsLaunchTests.swift in Sources */ = {isa = PBXBuildFile; fileRef = 0DB3F1EF2BAF4E450014E154 /* HackathonProjectUITestsLaunchTests.swift */; };
/* End PBXBuildFile section */

/* Begin PBXContainerItemProxy section */
		0DB3F1E02BAF4E450014E154 /* PBXContainerItemProxy */ = {
			isa = PBXContainerItemProxy;
			containerPortal = 0DB3F1C12BAF4E400014E154 /* Project object */;
			proxyType = 1;
			remoteGlobalIDString = 0DB3F1C82BAF4E400014E154;
			remoteInfo = HackathonProject;
		};
		0DB3F1EA2BAF4E450014E154 /* PBXContainerItemProxy */ = {
			isa = PBXContainerItemProxy;
			containerPortal = 0DB3F1C12BAF4E400014E154 /* Project object */;
			proxyType = 1;
			remoteGlobalIDString = 0DB3F1C82BAF4E400014E154;
			remoteInfo = HackathonProject;
		};
/* End PBXContainerItemProxy section */

/* Begin PBXFileReference section */
		0D683A412BAF82DC00711C37 /* InsertItemViewController.swift */ = {isa = PBXFileReference; lastKnownFileType = sourcecode.swift; path = InsertItemViewController.swift; sourceTree = "<group>"; };
		0D683A432BAF96A000711C37 /* ItemListViewController.swift */ = {isa = PBXFileReference; lastKnownFileType = sourcecode.swift; path = ItemListViewController.swift; sourceTree = "<group>"; };
		0D683A472BAFA14700711C37 /* OptimalStoresViewController.swift */ = {isa = PBXFileReference; lastKnownFileType = sourcecode.swift; path = OptimalStoresViewController.swift; sourceTree = "<group>"; };
		0D683A4F2BB0796200711C37 /* RecipeViewController.swift */ = {isa = PBXFileReference; lastKnownFileType = sourcecode.swift; path = RecipeViewController.swift; sourceTree = "<group>"; };
		0DB3F1C92BAF4E400014E154 /* HackathonProject.app */ = {isa = PBXFileReference; explicitFileType = wrapper.application; includeInIndex = 0; path = HackathonProject.app; sourceTree = BUILT_PRODUCTS_DIR; };
		0DB3F1CC2BAF4E400014E154 /* AppDelegate.swift */ = {isa = PBXFileReference; lastKnownFileType = sourcecode.swift; path = AppDelegate.swift; sourceTree = "<group>"; };
		0DB3F1CE2BAF4E400014E154 /* SceneDelegate.swift */ = {isa = PBXFileReference; lastKnownFileType = sourcecode.swift; path = SceneDelegate.swift; sourceTree = "<group>"; };
		0DB3F1D02BAF4E400014E154 /* ViewController.swift */ = {isa = PBXFileReference; lastKnownFileType = sourcecode.swift; path = ViewController.swift; sourceTree = "<group>"; };
		0DB3F1D32BAF4E400014E154 /* Base */ = {isa = PBXFileReference; lastKnownFileType = file.storyboard; name = Base; path = Base.lproj/Main.storyboard; sourceTree = "<group>"; };
		0DB3F1D52BAF4E440014E154 /* Assets.xcassets */ = {isa = PBXFileReference; lastKnownFileType = folder.assetcatalog; path = Assets.xcassets; sourceTree = "<group>"; };
		0DB3F1D82BAF4E440014E154 /* Base */ = {isa = PBXFileReference; lastKnownFileType = file.storyboard; name = Base; path = Base.lproj/LaunchScreen.storyboard; sourceTree = "<group>"; };
		0DB3F1DA2BAF4E440014E154 /* Info.plist */ = {isa = PBXFileReference; lastKnownFileType = text.plist.xml; path = Info.plist; sourceTree = "<group>"; };
		0DB3F1DF2BAF4E450014E154 /* HackathonProjectTests.xctest */ = {isa = PBXFileReference; explicitFileType = wrapper.cfbundle; includeInIndex = 0; path = HackathonProjectTests.xctest; sourceTree = BUILT_PRODUCTS_DIR; };
		0DB3F1E32BAF4E450014E154 /* HackathonProjectTests.swift */ = {isa = PBXFileReference; lastKnownFileType = sourcecode.swift; path = HackathonProjectTests.swift; sourceTree = "<group>"; };
		0DB3F1E92BAF4E450014E154 /* HackathonProjectUITests.xctest */ = {isa = PBXFileReference; explicitFileType = wrapper.cfbundle; includeInIndex = 0; path = HackathonProjectUITests.xctest; sourceTree = BUILT_PRODUCTS_DIR; };
		0DB3F1ED2BAF4E450014E154 /* HackathonProjectUITests.swift */ = {isa = PBXFileReference; lastKnownFileType = sourcecode.swift; path = HackathonProjectUITests.swift; sourceTree = "<group>"; };
		0DB3F1EF2BAF4E450014E154 /* HackathonProjectUITestsLaunchTests.swift */ = {isa = PBXFileReference; lastKnownFileType = sourcecode.swift; path = HackathonProjectUITestsLaunchTests.swift; sourceTree = "<group>"; };
/* End PBXFileReference section */

/* Begin PBXFrameworksBuildPhase section */
		0DB3F1C62BAF4E400014E154 /* Frameworks */ = {
			isa = PBXFrameworksBuildPhase;
			buildActionMask = 2147483647;
			files = (
			);
			runOnlyForDeploymentPostprocessing = 0;
		};
		0DB3F1DC2BAF4E450014E154 /* Frameworks */ = {
			isa = PBXFrameworksBuildPhase;
			buildActionMask = 2147483647;
			files = (
			);
			runOnlyForDeploymentPostprocessing = 0;
		};
		0DB3F1E62BAF4E450014E154 /* Frameworks */ = {
			isa = PBXFrameworksBuildPhase;
			buildActionMask = 2147483647;
			files = (
			);
			runOnlyForDeploymentPostprocessing = 0;
		};
/* End PBXFrameworksBuildPhase section */

/* Begin PBXGroup section */
		0DB3F1C02BAF4E400014E154 = {
			isa = PBXGroup;
			children = (
				0DB3F1CB2BAF4E400014E154 /* HackathonProject */,
				0DB3F1E22BAF4E450014E154 /* HackathonProjectTests */,
				0DB3F1EC2BAF4E450014E154 /* HackathonProjectUITests */,
				0DB3F1CA2BAF4E400014E154 /* Products */,
			);
			sourceTree = "<group>";
		};
		0DB3F1CA2BAF4E400014E154 /* Products */ = {
			isa = PBXGroup;
			children = (
				0DB3F1C92BAF4E400014E154 /* HackathonProject.app */,
				0DB3F1DF2BAF4E450014E154 /* HackathonProjectTests.xctest */,
				0DB3F1E92BAF4E450014E154 /* HackathonProjectUITests.xctest */,
			);
			name = Products;
			sourceTree = "<group>";
		};
		0DB3F1CB2BAF4E400014E154 /* HackathonProject */ = {
			isa = PBXGroup;
			children = (
				0DB3F1CC2BAF4E400014E154 /* AppDelegate.swift */,
				0DB3F1CE2BAF4E400014E154 /* SceneDelegate.swift */,
				0DB3F1D02BAF4E400014E154 /* ViewController.swift */,
				0DB3F1D22BAF4E400014E154 /* Main.storyboard */,
				0D683A4F2BB0796200711C37 /* RecipeViewController.swift */,
				0D683A472BAFA14700711C37 /* OptimalStoresViewController.swift */,
				0DB3F1D52BAF4E440014E154 /* Assets.xcassets */,
				0DB3F1D72BAF4E440014E154 /* LaunchScreen.storyboard */,
				0DB3F1DA2BAF4E440014E154 /* Info.plist */,
				0D683A412BAF82DC00711C37 /* InsertItemViewController.swift */,
				0D683A432BAF96A000711C37 /* ItemListViewController.swift */,
			);
			path = HackathonProject;
			sourceTree = "<group>";
		};
		0DB3F1E22BAF4E450014E154 /* HackathonProjectTests */ = {
			isa = PBXGroup;
			children = (
				0DB3F1E32BAF4E450014E154 /* HackathonProjectTests.swift */,
			);
			path = HackathonProjectTests;
			sourceTree = "<group>";
		};
		0DB3F1EC2BAF4E450014E154 /* HackathonProjectUITests */ = {
			isa = PBXGroup;
			children = (
				0DB3F1ED2BAF4E450014E154 /* HackathonProjectUITests.swift */,
				0DB3F1EF2BAF4E450014E154 /* HackathonProjectUITestsLaunchTests.swift */,
			);
			path = HackathonProjectUITests;
			sourceTree = "<group>";
		};
/* End PBXGroup section */

/* Begin PBXNativeTarget section */
		0DB3F1C82BAF4E400014E154 /* HackathonProject */ = {
			isa = PBXNativeTarget;
			buildConfigurationList = 0DB3F1F32BAF4E450014E154 /* Build configuration list for PBXNativeTarget "HackathonProject" */;
			buildPhases = (
				0DB3F1C52BAF4E400014E154 /* Sources */,
				0DB3F1C62BAF4E400014E154 /* Frameworks */,
				0DB3F1C72BAF4E400014E154 /* Resources */,
			);
			buildRules = (
			);
			dependencies = (
			);
			name = HackathonProject;
			productName = HackathonProject;
			productReference = 0DB3F1C92BAF4E400014E154 /* HackathonProject.app */;
			productType = "com.apple.product-type.application";
		};
		0DB3F1DE2BAF4E450014E154 /* HackathonProjectTests */ = {
			isa = PBXNativeTarget;
			buildConfigurationList = 0DB3F1F62BAF4E450014E154 /* Build configuration list for PBXNativeTarget "HackathonProjectTests" */;
			buildPhases = (
				0DB3F1DB2BAF4E450014E154 /* Sources */,
				0DB3F1DC2BAF4E450014E154 /* Frameworks */,
				0DB3F1DD2BAF4E450014E154 /* Resources */,
			);
			buildRules = (
			);
			dependencies = (
				0DB3F1E12BAF4E450014E154 /* PBXTargetDependency */,
			);
			name = HackathonProjectTests;
			productName = HackathonProjectTests;
			productReference = 0DB3F1DF2BAF4E450014E154 /* HackathonProjectTests.xctest */;
			productType = "com.apple.product-type.bundle.unit-test";
		};
		0DB3F1E82BAF4E450014E154 /* HackathonProjectUITests */ = {
			isa = PBXNativeTarget;
			buildConfigurationList = 0DB3F1F92BAF4E450014E154 /* Build configuration list for PBXNativeTarget "HackathonProjectUITests" */;
			buildPhases = (
				0DB3F1E52BAF4E450014E154 /* Sources */,
				0DB3F1E62BAF4E450014E154 /* Frameworks */,
				0DB3F1E72BAF4E450014E154 /* Resources */,
			);
			buildRules = (
			);
			dependencies = (
				0DB3F1EB2BAF4E450014E154 /* PBXTargetDependency */,
			);
			name = HackathonProjectUITests;
			productName = HackathonProjectUITests;
			productReference = 0DB3F1E92BAF4E450014E154 /* HackathonProjectUITests.xctest */;
			productType = "com.apple.product-type.bundle.ui-testing";
		};
/* End PBXNativeTarget section */

/* Begin PBXProject section */
		0DB3F1C12BAF4E400014E154 /* Project object */ = {
			isa = PBXProject;
			attributes = {
				BuildIndependentTargetsInParallel = 1;
				LastSwiftUpdateCheck = 1420;
				LastUpgradeCheck = 1420;
				TargetAttributes = {
					0DB3F1C82BAF4E400014E154 = {
						CreatedOnToolsVersion = 14.2;
					};
					0DB3F1DE2BAF4E450014E154 = {
						CreatedOnToolsVersion = 14.2;
						TestTargetID = 0DB3F1C82BAF4E400014E154;
					};
					0DB3F1E82BAF4E450014E154 = {
						CreatedOnToolsVersion = 14.2;
						TestTargetID = 0DB3F1C82BAF4E400014E154;
					};
				};
			};
			buildConfigurationList = 0DB3F1C42BAF4E400014E154 /* Build configuration list for PBXProject "HackathonProject" */;
			compatibilityVersion = "Xcode 14.0";
			developmentRegion = en;
			hasScannedForEncodings = 0;
			knownRegions = (
				en,
				Base,
			);
			mainGroup = 0DB3F1C02BAF4E400014E154;
			productRefGroup = 0DB3F1CA2BAF4E400014E154 /* Products */;
			projectDirPath = "";
			projectRoot = "";
			targets = (
				0DB3F1C82BAF4E400014E154 /* HackathonProject */,
				0DB3F1DE2BAF4E450014E154 /* HackathonProjectTests */,
				0DB3F1E82BAF4E450014E154 /* HackathonProjectUITests */,
			);
		};
/* End PBXProject section */

/* Begin PBXResourcesBuildPhase section */
		0DB3F1C72BAF4E400014E154 /* Resources */ = {
			isa = PBXResourcesBuildPhase;
			buildActionMask = 2147483647;
			files = (
				0DB3F1D92BAF4E440014E154 /* LaunchScreen.storyboard in Resources */,
				0DB3F1D62BAF4E440014E154 /* Assets.xcassets in Resources */,
				0DB3F1D42BAF4E400014E154 /* Main.storyboard in Resources */,
			);
			runOnlyForDeploymentPostprocessing = 0;
		};
		0DB3F1DD2BAF4E450014E154 /* Resources */ = {
			isa = PBXResourcesBuildPhase;
			buildActionMask = 2147483647;
			files = (
			);
			runOnlyForDeploymentPostprocessing = 0;
		};
		0DB3F1E72BAF4E450014E154 /* Resources */ = {
			isa = PBXResourcesBuildPhase;
			buildActionMask = 2147483647;
			files = (
			);
			runOnlyForDeploymentPostprocessing = 0;
		};
/* End PBXResourcesBuildPhase section */

/* Begin PBXSourcesBuildPhase section */
		0DB3F1C52BAF4E400014E154 /* Sources */ = {
			isa = PBXSourcesBuildPhase;
			buildActionMask = 2147483647;
			files = (
				0D683A422BAF82DC00711C37 /* InsertItemViewController.swift in Sources */,
				0D683A442BAF96A100711C37 /* ItemListViewController.swift in Sources */,
				0D683A502BB0796200711C37 /* RecipeViewController.swift in Sources */,
				0DB3F1D12BAF4E400014E154 /* ViewController.swift in Sources */,
				0D683A482BAFA14700711C37 /* OptimalStoresViewController.swift in Sources */,
				0DB3F1CD2BAF4E400014E154 /* AppDelegate.swift in Sources */,
				0DB3F1CF2BAF4E400014E154 /* SceneDelegate.swift in Sources */,
			);
			runOnlyForDeploymentPostprocessing = 0;
		};
		0DB3F1DB2BAF4E450014E154 /* Sources */ = {
			isa = PBXSourcesBuildPhase;
			buildActionMask = 2147483647;
			files = (
				0DB3F1E42BAF4E450014E154 /* HackathonProjectTests.swift in Sources */,
			);
			runOnlyForDeploymentPostprocessing = 0;
		};
		0DB3F1E52BAF4E450014E154 /* Sources */ = {
			isa = PBXSourcesBuildPhase;
			buildActionMask = 2147483647;
			files = (
				0DB3F1F02BAF4E450014E154 /* HackathonProjectUITestsLaunchTests.swift in Sources */,
				0DB3F1EE2BAF4E450014E154 /* HackathonProjectUITests.swift in Sources */,
			);
			runOnlyForDeploymentPostprocessing = 0;
		};
/* End PBXSourcesBuildPhase section */

/* Begin PBXTargetDependency section */
		0DB3F1E12BAF4E450014E154 /* PBXTargetDependency */ = {
			isa = PBXTargetDependency;
			target = 0DB3F1C82BAF4E400014E154 /* HackathonProject */;
			targetProxy = 0DB3F1E02BAF4E450014E154 /* PBXContainerItemProxy */;
		};
		0DB3F1EB2BAF4E450014E154 /* PBXTargetDependency */ = {
			isa = PBXTargetDependency;
			target = 0DB3F1C82BAF4E400014E154 /* HackathonProject */;
			targetProxy = 0DB3F1EA2BAF4E450014E154 /* PBXContainerItemProxy */;
		};
/* End PBXTargetDependency section */

/* Begin PBXVariantGroup section */
		0DB3F1D22BAF4E400014E154 /* Main.storyboard */ = {
			isa = PBXVariantGroup;
			children = (
				0DB3F1D32BAF4E400014E154 /* Base */,
			);
			name = Main.storyboard;
			sourceTree = "<group>";
		};
		0DB3F1D72BAF4E440014E154 /* LaunchScreen.storyboard */ = {
			isa = PBXVariantGroup;
			children = (
				0DB3F1D82BAF4E440014E154 /* Base */,
			);
			name = LaunchScreen.storyboard;
			sourceTree = "<group>";
		};
/* End PBXVariantGroup section */

/* Begin XCBuildConfiguration section */
		0DB3F1F12BAF4E450014E154 /* Debug */ = {
			isa = XCBuildConfiguration;
			buildSettings = {
				ALWAYS_SEARCH_USER_PATHS = NO;
				CLANG_ANALYZER_NONNULL = YES;
				CLANG_ANALYZER_NUMBER_OBJECT_CONVERSION = YES_AGGRESSIVE;
				CLANG_CXX_LANGUAGE_STANDARD = "gnu++20";
				CLANG_ENABLE_MODULES = YES;
				CLANG_ENABLE_OBJC_ARC = YES;
				CLANG_ENABLE_OBJC_WEAK = YES;
				CLANG_WARN_BLOCK_CAPTURE_AUTORELEASING = YES;
				CLANG_WARN_BOOL_CONVERSION = YES;
				CLANG_WARN_COMMA = YES;
				CLANG_WARN_CONSTANT_CONVERSION = YES;
				CLANG_WARN_DEPRECATED_OBJC_IMPLEMENTATIONS = YES;
				CLANG_WARN_DIRECT_OBJC_ISA_USAGE = YES_ERROR;
				CLANG_WARN_DOCUMENTATION_COMMENTS = YES;
				CLANG_WARN_EMPTY_BODY = YES;
				CLANG_WARN_ENUM_CONVERSION = YES;
				CLANG_WARN_INFINITE_RECURSION = YES;
				CLANG_WARN_INT_CONVERSION = YES;
				CLANG_WARN_NON_LITERAL_NULL_CONVERSION = YES;
				CLANG_WARN_OBJC_IMPLICIT_RETAIN_SELF = YES;
				CLANG_WARN_OBJC_LITERAL_CONVERSION = YES;
				CLANG_WARN_OBJC_ROOT_CLASS = YES_ERROR;
				CLANG_WARN_QUOTED_INCLUDE_IN_FRAMEWORK_HEADER = YES;
				CLANG_WARN_RANGE_LOOP_ANALYSIS = YES;
				CLANG_WARN_STRICT_PROTOTYPES = YES;
				CLANG_WARN_SUSPICIOUS_MOVE = YES;
				CLANG_WARN_UNGUARDED_AVAILABILITY = YES_AGGRESSIVE;
				CLANG_WARN_UNREACHABLE_CODE = YES;
				CLANG_WARN__DUPLICATE_METHOD_MATCH = YES;
				COPY_PHASE_STRIP = NO;
				DEBUG_INFORMATION_FORMAT = dwarf;
				ENABLE_STRICT_OBJC_MSGSEND = YES;
				ENABLE_TESTABILITY = YES;
				GCC_C_LANGUAGE_STANDARD = gnu11;
				GCC_DYNAMIC_NO_PIC = NO;
				GCC_NO_COMMON_BLOCKS = YES;
				GCC_OPTIMIZATION_LEVEL = 0;
				GCC_PREPROCESSOR_DEFINITIONS = (
					"DEBUG=1",
					"$(inherited)",
				);
				GCC_WARN_64_TO_32_BIT_CONVERSION = YES;
				GCC_WARN_ABOUT_RETURN_TYPE = YES_ERROR;
				GCC_WARN_UNDECLARED_SELECTOR = YES;
				GCC_WARN_UNINITIALIZED_AUTOS = YES_AGGRESSIVE;
				GCC_WARN_UNUSED_FUNCTION = YES;
				GCC_WARN_UNUSED_VARIABLE = YES;
				IPHONEOS_DEPLOYMENT_TARGET = 16.2;
				MTL_ENABLE_DEBUG_INFO = INCLUDE_SOURCE;
				MTL_FAST_MATH = YES;
				ONLY_ACTIVE_ARCH = YES;
				SDKROOT = iphoneos;
				SWIFT_ACTIVE_COMPILATION_CONDITIONS = DEBUG;
				SWIFT_OPTIMIZATION_LEVEL = "-Onone";
			};
			name = Debug;
		};
		0DB3F1F22BAF4E450014E154 /* Release */ = {
			isa = XCBuildConfiguration;
			buildSettings = {
				ALWAYS_SEARCH_USER_PATHS = NO;
				CLANG_ANALYZER_NONNULL = YES;
				CLANG_ANALYZER_NUMBER_OBJECT_CONVERSION = YES_AGGRESSIVE;
				CLANG_CXX_LANGUAGE_STANDARD = "gnu++20";
				CLANG_ENABLE_MODULES = YES;
				CLANG_ENABLE_OBJC_ARC = YES;
				CLANG_ENABLE_OBJC_WEAK = YES;
				CLANG_WARN_BLOCK_CAPTURE_AUTORELEASING = YES;
				CLANG_WARN_BOOL_CONVERSION = YES;
				CLANG_WARN_COMMA = YES;
				CLANG_WARN_CONSTANT_CONVERSION = YES;
				CLANG_WARN_DEPRECATED_OBJC_IMPLEMENTATIONS = YES;
				CLANG_WARN_DIRECT_OBJC_ISA_USAGE = YES_ERROR;
				CLANG_WARN_DOCUMENTATION_COMMENTS = YES;
				CLANG_WARN_EMPTY_BODY = YES;
				CLANG_WARN_ENUM_CONVERSION = YES;
				CLANG_WARN_INFINITE_RECURSION = YES;
				CLANG_WARN_INT_CONVERSION = YES;
				CLANG_WARN_NON_LITERAL_NULL_CONVERSION = YES;
				CLANG_WARN_OBJC_IMPLICIT_RETAIN_SELF = YES;
				CLANG_WARN_OBJC_LITERAL_CONVERSION = YES;
				CLANG_WARN_OBJC_ROOT_CLASS = YES_ERROR;
				CLANG_WARN_QUOTED_INCLUDE_IN_FRAMEWORK_HEADER = YES;
				CLANG_WARN_RANGE_LOOP_ANALYSIS = YES;
				CLANG_WARN_STRICT_PROTOTYPES = YES;
				CLANG_WARN_SUSPICIOUS_MOVE = YES;
				CLANG_WARN_UNGUARDED_AVAILABILITY = YES_AGGRESSIVE;
				CLANG_WARN_UNREACHABLE_CODE = YES;
				CLANG_WARN__DUPLICATE_METHOD_MATCH = YES;
				COPY_PHASE_STRIP = NO;
				DEBUG_INFORMATION_FORMAT = "dwarf-with-dsym";
				ENABLE_NS_ASSERTIONS = NO;
				ENABLE_STRICT_OBJC_MSGSEND = YES;
				GCC_C_LANGUAGE_STANDARD = gnu11;
				GCC_NO_COMMON_BLOCKS = YES;
				GCC_WARN_64_TO_32_BIT_CONVERSION = YES;
				GCC_WARN_ABOUT_RETURN_TYPE = YES_ERROR;
				GCC_WARN_UNDECLARED_SELECTOR = YES;
				GCC_WARN_UNINITIALIZED_AUTOS = YES_AGGRESSIVE;
				GCC_WARN_UNUSED_FUNCTION = YES;
				GCC_WARN_UNUSED_VARIABLE = YES;
				IPHONEOS_DEPLOYMENT_TARGET = 16.2;
				MTL_ENABLE_DEBUG_INFO = NO;
				MTL_FAST_MATH = YES;
				SDKROOT = iphoneos;
				SWIFT_COMPILATION_MODE = wholemodule;
				SWIFT_OPTIMIZATION_LEVEL = "-O";
				VALIDATE_PRODUCT = YES;
			};
			name = Release;
		};
		0DB3F1F42BAF4E450014E154 /* Debug */ = {
			isa = XCBuildConfiguration;
			buildSettings = {
				ASSETCATALOG_COMPILER_APPICON_NAME = AppIcon;
				ASSETCATALOG_COMPILER_GLOBAL_ACCENT_COLOR_NAME = AccentColor;
				CODE_SIGN_STYLE = Automatic;
				CURRENT_PROJECT_VERSION = 1;
				DEVELOPMENT_TEAM = 76N863H8DV;
				GENERATE_INFOPLIST_FILE = YES;
				INFOPLIST_FILE = HackathonProject/Info.plist;
				INFOPLIST_KEY_UIApplicationSupportsIndirectInputEvents = YES;
				INFOPLIST_KEY_UILaunchStoryboardName = LaunchScreen;
				INFOPLIST_KEY_UIMainStoryboardFile = Main;
				INFOPLIST_KEY_UISupportedInterfaceOrientations_iPad = "UIInterfaceOrientationPortrait UIInterfaceOrientationPortraitUpsideDown UIInterfaceOrientationLandscapeLeft UIInterfaceOrientationLandscapeRight";
				INFOPLIST_KEY_UISupportedInterfaceOrientations_iPhone = "UIInterfaceOrientationPortrait UIInterfaceOrientationLandscapeLeft UIInterfaceOrientationLandscapeRight";
				LD_RUNPATH_SEARCH_PATHS = (
					"$(inherited)",
					"@executable_path/Frameworks",
				);
				MARKETING_VERSION = 1.0;
				PRODUCT_BUNDLE_IDENTIFIER = com.VeerteghMinhas.HackathonProject;
				PRODUCT_NAME = "$(TARGET_NAME)";
				SWIFT_EMIT_LOC_STRINGS = YES;
				SWIFT_VERSION = 5.0;
				TARGETED_DEVICE_FAMILY = "1,2";
			};
			name = Debug;
		};
		0DB3F1F52BAF4E450014E154 /* Release */ = {
			isa = XCBuildConfiguration;
			buildSettings = {
				ASSETCATALOG_COMPILER_APPICON_NAME = AppIcon;
				ASSETCATALOG_COMPILER_GLOBAL_ACCENT_COLOR_NAME = AccentColor;
				CODE_SIGN_STYLE = Automatic;
				CURRENT_PROJECT_VERSION = 1;
				DEVELOPMENT_TEAM = 76N863H8DV;
				GENERATE_INFOPLIST_FILE = YES;
				INFOPLIST_FILE = HackathonProject/Info.plist;
				INFOPLIST_KEY_UIApplicationSupportsIndirectInputEvents = YES;
				INFOPLIST_KEY_UILaunchStoryboardName = LaunchScreen;
				INFOPLIST_KEY_UIMainStoryboardFile = Main;
				INFOPLIST_KEY_UISupportedInterfaceOrientations_iPad = "UIInterfaceOrientationPortrait UIInterfaceOrientationPortraitUpsideDown UIInterfaceOrientationLandscapeLeft UIInterfaceOrientationLandscapeRight";
				INFOPLIST_KEY_UISupportedInterfaceOrientations_iPhone = "UIInterfaceOrientationPortrait UIInterfaceOrientationLandscapeLeft UIInterfaceOrientationLandscapeRight";
				LD_RUNPATH_SEARCH_PATHS = (
					"$(inherited)",
					"@executable_path/Frameworks",
				);
				MARKETING_VERSION = 1.0;
				PRODUCT_BUNDLE_IDENTIFIER = com.VeerteghMinhas.HackathonProject;
				PRODUCT_NAME = "$(TARGET_NAME)";
				SWIFT_EMIT_LOC_STRINGS = YES;
				SWIFT_VERSION = 5.0;
				TARGETED_DEVICE_FAMILY = "1,2";
			};
			name = Release;
		};
		0DB3F1F72BAF4E450014E154 /* Debug */ = {
			isa = XCBuildConfiguration;
			buildSettings = {
				ALWAYS_EMBED_SWIFT_STANDARD_LIBRARIES = YES;
				BUNDLE_LOADER = "$(TEST_HOST)";
				CODE_SIGN_STYLE = Automatic;
				CURRENT_PROJECT_VERSION = 1;
				DEVELOPMENT_TEAM = 76N863H8DV;
				GENERATE_INFOPLIST_FILE = YES;
				IPHONEOS_DEPLOYMENT_TARGET = 16.2;
				MARKETING_VERSION = 1.0;
				PRODUCT_BUNDLE_IDENTIFIER = com.VeerteghMinhas.HackathonProjectTests;
				PRODUCT_NAME = "$(TARGET_NAME)";
				SWIFT_EMIT_LOC_STRINGS = NO;
				SWIFT_VERSION = 5.0;
				TARGETED_DEVICE_FAMILY = "1,2";
				TEST_HOST = "$(BUILT_PRODUCTS_DIR)/HackathonProject.app/$(BUNDLE_EXECUTABLE_FOLDER_PATH)/HackathonProject";
			};
			name = Debug;
		};
		0DB3F1F82BAF4E450014E154 /* Release */ = {
			isa = XCBuildConfiguration;
			buildSettings = {
				ALWAYS_EMBED_SWIFT_STANDARD_LIBRARIES = YES;
				BUNDLE_LOADER = "$(TEST_HOST)";
				CODE_SIGN_STYLE = Automatic;
				CURRENT_PROJECT_VERSION = 1;
				DEVELOPMENT_TEAM = 76N863H8DV;
				GENERATE_INFOPLIST_FILE = YES;
				IPHONEOS_DEPLOYMENT_TARGET = 16.2;
				MARKETING_VERSION = 1.0;
				PRODUCT_BUNDLE_IDENTIFIER = com.VeerteghMinhas.HackathonProjectTests;
				PRODUCT_NAME = "$(TARGET_NAME)";
				SWIFT_EMIT_LOC_STRINGS = NO;
				SWIFT_VERSION = 5.0;
				TARGETED_DEVICE_FAMILY = "1,2";
				TEST_HOST = "$(BUILT_PRODUCTS_DIR)/HackathonProject.app/$(BUNDLE_EXECUTABLE_FOLDER_PATH)/HackathonProject";
			};
			name = Release;
		};
		0DB3F1FA2BAF4E450014E154 /* Debug */ = {
			isa = XCBuildConfiguration;
			buildSettings = {
				ALWAYS_EMBED_SWIFT_STANDARD_LIBRARIES = YES;
				CODE_SIGN_STYLE = Automatic;
				CURRENT_PROJECT_VERSION = 1;
				DEVELOPMENT_TEAM = 76N863H8DV;
				GENERATE_INFOPLIST_FILE = YES;
				MARKETING_VERSION = 1.0;
				PRODUCT_BUNDLE_IDENTIFIER = com.VeerteghMinhas.HackathonProjectUITests;
				PRODUCT_NAME = "$(TARGET_NAME)";
				SWIFT_EMIT_LOC_STRINGS = NO;
				SWIFT_VERSION = 5.0;
				TARGETED_DEVICE_FAMILY = "1,2";
				TEST_TARGET_NAME = HackathonProject;
			};
			name = Debug;
		};
		0DB3F1FB2BAF4E450014E154 /* Release */ = {
			isa = XCBuildConfiguration;
			buildSettings = {
				ALWAYS_EMBED_SWIFT_STANDARD_LIBRARIES = YES;
				CODE_SIGN_STYLE = Automatic;
				CURRENT_PROJECT_VERSION = 1;
				DEVELOPMENT_TEAM = 76N863H8DV;
				GENERATE_INFOPLIST_FILE = YES;
				MARKETING_VERSION = 1.0;
				PRODUCT_BUNDLE_IDENTIFIER = com.VeerteghMinhas.HackathonProjectUITests;
				PRODUCT_NAME = "$(TARGET_NAME)";
				SWIFT_EMIT_LOC_STRINGS = NO;
				SWIFT_VERSION = 5.0;
				TARGETED_DEVICE_FAMILY = "1,2";
				TEST_TARGET_NAME = HackathonProject;
			};
			name = Release;
		};
/* End XCBuildConfiguration section */

/* Begin XCConfigurationList section */
		0DB3F1C42BAF4E400014E154 /* Build configuration list for PBXProject "HackathonProject" */ = {
			isa = XCConfigurationList;
			buildConfigurations = (
				0DB3F1F12BAF4E450014E154 /* Debug */,
				0DB3F1F22BAF4E450014E154 /* Release */,
			);
			defaultConfigurationIsVisible = 0;
			defaultConfigurationName = Release;
		};
		0DB3F1F32BAF4E450014E154 /* Build configuration list for PBXNativeTarget "HackathonProject" */ = {
			isa = XCConfigurationList;
			buildConfigurations = (
				0DB3F1F42BAF4E450014E154 /* Debug */,
				0DB3F1F52BAF4E450014E154 /* Release */,
			);
			defaultConfigurationIsVisible = 0;
			defaultConfigurationName = Release;
		};
		0DB3F1F62BAF4E450014E154 /* Build configuration list for PBXNativeTarget "HackathonProjectTests" */ = {
			isa = XCConfigurationList;
			buildConfigurations = (
				0DB3F1F72BAF4E450014E154 /* Debug */,
				0DB3F1F82BAF4E450014E154 /* Release */,
			);
			defaultConfigurationIsVisible = 0;
			defaultConfigurationName = Release;
		};
		0DB3F1F92BAF4E450014E154 /* Build configuration list for PBXNativeTarget "HackathonProjectUITests" */ = {
			isa = XCConfigurationList;
			buildConfigurations = (
				0DB3F1FA2BAF4E450014E154 /* Debug */,
				0DB3F1FB2BAF4E450014E154 /* Release */,
			);
			defaultConfigurationIsVisible = 0;
			defaultConfigurationName = Release;
		};
/* End XCConfigurationList section */
	};
	rootObject = 0DB3F1C12BAF4E400014E154 /* Project object */;
}
